
Microsoft Visual Studio Solution File, Format Version 12.00
# Visual Studio Version 17
VisualStudioVersion = 17.2.32630.192
MinimumVisualStudioVersion = 10.0.40219.1
Project("{FAE04EC0-301F-11D3-BF4B-00C04F79EFBC}") = "Milk Delivery System", "Milk Delivery System\Milk Delivery System.csproj", "{804D7036-A317-44EC-966C-9BF6F97C5D18}"
EndProject
Global
	GlobalSection(SolutionConfigurationPlatforms) = preSolution
		Debug|Any CPU = Debug|Any CPU
		Release|Any CPU = Release|Any CPU
	EndGlobalSection
	GlobalSection(ProjectConfigurationPlatforms) = postSolution
		{804D7036-A317-44EC-966C-9BF6F97C5D18}.Debug|Any CPU.ActiveCfg = Debug|Any CPU
		{804D7036-A317-44EC-966C-9BF6F97C5D18}.Debug|Any CPU.Build.0 = Debug|Any CPU
		{804D7036-A317-44EC-966C-9BF6F97C5D18}.Release|Any CPU.ActiveCfg = Release|Any CPU
		{804D7036-A317-44EC-966C-9BF6F97C5D18}.Release|Any CPU.Build.0 = Release|Any CPU
	EndGlobalSection
	GlobalSection(SolutionProperties) = preSolution
		HideSolutionNode = FALSE
	EndGlobalSection
	GlobalSection(ExtensibilityGlobals) = postSolution
		SolutionGuid = {F88F7F4E-509A-40E5-B10E-D926E312902B}
	EndGlobalSection
EndGlobal
